<Solution>
  <Folder Name="/.github/" />
  <Folder Name="/.github/workflows/">
    <File Path="build.yml" />
  </Folder>
  <Folder Name="/Solution Items/">
    <File Path=".editorconfig" />
    <File Path="Directory.Build.props" />
    <File Path="Directory.Packages.props" />
  </Folder>
  <Folder Name="/src/">
    <Project Path="src/DevHabit.Api/DevHabit.Api.csproj" />
  </Folder>
  <Folder Name="/test/" />
  <Project Path="docker-compose.dcproj">
    <Build />
  </Project>
</Solution>
